
Microsoft Visual Studio Solution File, Format Version 12.00
# Visual Studio 15
VisualStudioVersion = 15.0.28010.2050
MinimumVisualStudioVersion = 10.0.40219.1
Project("{FAE04EC0-301F-11D3-BF4B-00C04F79EFBC}") = "WEB_control_final", "WEB_control_final\WEB_control_final.csproj", "{EC27227E-EA67-4CFE-990D-45A19D808383}"
EndProject
Global
	GlobalSection(SolutionConfigurationPlatforms) = preSolution
		Debug|Any CPU = Debug|Any CPU
		Release|Any CPU = Release|Any CPU
	EndGlobalSection
	GlobalSection(ProjectConfigurationPlatforms) = postSolution
		{EC27227E-EA67-4CFE-990D-45A19D808383}.Debug|Any CPU.ActiveCfg = Debug|Any CPU
		{EC27227E-EA67-4CFE-990D-45A19D808383}.Debug|Any CPU.Build.0 = Debug|Any CPU
		{EC27227E-EA67-4CFE-990D-45A19D808383}.Release|Any CPU.ActiveCfg = Release|Any CPU
		{EC27227E-EA67-4CFE-990D-45A19D808383}.Release|Any CPU.Build.0 = Release|Any CPU
	EndGlobalSection
	GlobalSection(SolutionProperties) = preSolution
		HideSolutionNode = FALSE
	EndGlobalSection
	GlobalSection(ExtensibilityGlobals) = postSolution
		SolutionGuid = {841AB605-D9C1-437F-8F5D-E66935AF29F6}
	EndGlobalSection
EndGlobal
